PODS:
  - Alamofire (4.0.1)
  - AlamofireObjectMapper (4.0.0):
    - Alamofire (~> 4.0)
    - ObjectMapper (~> 2.0)
  - ObjectMapper (2.0.0)
  - RxAlamofire (3.0.0):
    - RxAlamofire/Core (= 3.0.0)
  - RxAlamofire/Core (3.0.0):
    - Alamofire (~> 4.0)
    - RxSwift (~> 3.0)
  - RxCocoa (3.0.1):
    - RxSwift (~> 3.0)
  - RxSwift (3.0.1)
  - SwiftyJSON (3.1.1)

DEPENDENCIES:
  - Alamofire (~> 4.0)
  - AlamofireObjectMapper (~> 4.0)
  - ObjectMapper (= 2.0)
  - RxAlamofire
  - RxCocoa (~> 3.0)
  - RxSwift (~> 3.0)
  - SwiftyJSON

SPEC CHECKSUMS:
  Alamofire: 7682d43245de14874acd142ec137b144aa1dd335
  AlamofireObjectMapper: 9faa3ce5a240efda1b209009a2d6e1e949227abc
  ObjectMapper: aed2570edabbd3c9b26c939e1cabdb6558f933e0
  RxAlamofire: 0b1fa48f545fffe7f7a28af2086bcaa3b5946cc9
  RxCocoa: 15a52fc590dcc700cb4a690a633b5c5184ce3a78
  RxSwift: af5680055c4ad04480189c52d28385b1029493a6
  SwiftyJSON: f0be2e604f83e8405a624e9f891898bf6ed4e019

PODFILE CHECKSUM: 457f6494e1f297b28c0209745aa6e0e50cd119fe

COCOAPODS: 1.0.1
